
Microsoft Visual Studio Solution File, Format Version 12.00
# Visual Studio Version 16
VisualStudioVersion = 16.0.29806.167
MinimumVisualStudioVersion = 10.0.40219.1
Project("{FAE04EC0-301F-11D3-BF4B-00C04F79EFBC}") = "XOGame", "XOGame\XOGame.csproj", "{19422707-983B-479C-8EDE-2F2EE4A52F2D}"
EndProject
Global
	GlobalSection(SolutionConfigurationPlatforms) = preSolution
		Debug|Any CPU = Debug|Any CPU
		Release|Any CPU = Release|Any CPU
	EndGlobalSection
	GlobalSection(ProjectConfigurationPlatforms) = postSolution
		{19422707-983B-479C-8EDE-2F2EE4A52F2D}.Debug|Any CPU.ActiveCfg = Debug|Any CPU
		{19422707-983B-479C-8EDE-2F2EE4A52F2D}.Debug|Any CPU.Build.0 = Debug|Any CPU
		{19422707-983B-479C-8EDE-2F2EE4A52F2D}.Release|Any CPU.ActiveCfg = Release|Any CPU
		{19422707-983B-479C-8EDE-2F2EE4A52F2D}.Release|Any CPU.Build.0 = Release|Any CPU
	EndGlobalSection
	GlobalSection(SolutionProperties) = preSolution
		HideSolutionNode = FALSE
	EndGlobalSection
	GlobalSection(ExtensibilityGlobals) = postSolution
		SolutionGuid = {E1C087F7-09B8-47D4-8BD8-1580E7FBA39D}
	EndGlobalSection
EndGlobal
